# THIS IS AN AUTOGENERATED FILE. DO NOT EDIT THIS FILE DIRECTLY.
# yarn lockfile v1


"@ai-sdk/gateway@4.0.23":
  version "4.0.23"
  resolved "https://registry.yarnpkg.com/@ai-sdk/gateway/-/gateway-4.0.23.tgz#4177fcfdead4044576c50c9ef40fac37e1f95a85"
  integrity sha512-f85diFdPMXYJpxCjOYZchMQkRH8h3r6lhK4Q2xmzJ7UA2OQ80L3W7tFu61742xGQK7zHWm5AhxYhNuc50H9SGQ==
  dependencies:
    "@ai-sdk/provider" "4.0.3"
    "@ai-sdk/provider-utils" "5.0.11"
    "@vercel/oidc" "3.2.0"

"@ai-sdk/otel@^1.0.31":
  version "1.0.31"
  resolved "https://registry.yarnpkg.com/@ai-sdk/otel/-/otel-1.0.31.tgz#d17c52670cfb2a0441e69d415779600fecacaf4e"
  integrity sha512-ZvMj1QwYV6M+vh4XoX7LTDrAFIWsgnqHxIIFjrNh53z5+bH0DTN3fd4fVbkdtexdQ3c37finmJMx9V3p5qmxTg==
  dependencies:
    "@ai-sdk/provider" "4.0.3"
    "@opentelemetry/api" "1.9.1"
    ai "7.0.31"

"@ai-sdk/provider-utils@5.0.11":
  version "5.0.11"
  resolved "https://registry.yarnpkg.com/@ai-sdk/provider-utils/-/provider-utils-5.0.11.tgz#e084d9f46f9f2297baabc5f004b92c45e82d4eee"
  integrity sha512-7/96wE+ZsKB35iS9ASyllrE4Ym/EolXEB7AkuJ5FI++fmS85BVTAs77890C+1Z2jwHfBKjBQSBmsliOsAh0iFQ==
  dependencies:
    "@ai-sdk/provider" "4.0.3"
    "@standard-schema/spec" "^1.1.0"
    "@workflow/serde" "4.1.0"
    eventsource-parser "^3.0.8"

"@ai-sdk/provider@4.0.3":
  version "4.0.3"
  resolved "https://registry.yarnpkg.com/@ai-sdk/provider/-/provider-4.0.3.tgz#308624f81547a73556a67dc2465bf6f1d67fb77f"
  integrity sha512-e0CpNWJUY7OxAFAnCZkw+ri9QOHWwTs1tXP42782KFGCU07qt8NiXCrCVowyCB5dP2r5/Uls+g2oPd8kOJn9dw==
  dependencies:
    json-schema "^0.4.0"

"@arizeai/openinference-core@2.4.0":
  version "2.4.0"
  resolved "https://registry.yarnpkg.com/@arizeai/openinference-core/-/openinference-core-2.4.0.tgz#738c820f6ebf4c32ea0ac372480c3d6758eebb69"
  integrity sha512-F4FgdLj9dCp/f2C0GZ6w3qpd4rsNC8/Rr4ikOvQcIBsn0hjn1jyWA2/9x3TF4Xf8H53ckoGoQv4uhexgwbtCNw==
  dependencies:
    "@arizeai/openinference-semantic-conventions" "2.5.0"
    "@opentelemetry/api" "^1.9.0"
    "@opentelemetry/core" "^1.25.1"

"@arizeai/openinference-genai@0.3.0":
  version "0.3.0"
  resolved "https://registry.yarnpkg.com/@arizeai/openinference-genai/-/openinference-genai-0.3.0.tgz#e35fcb2995f2430418f3291bae706d48749f4b5b"
  integrity sha512-aCmE4F1o25GdFuXX5FVM26IPKi7j5w7rEDax5W6Qh4whX3J67cAEnYVbCCGqnJBRw2dycOk1Yd7Z93TjcRqOaA==
  dependencies:
    "@arizeai/openinference-semantic-conventions" "2.5.0"

"@arizeai/openinference-semantic-conventions@2.5.0":
  version "2.5.0"
  resolved "https://registry.yarnpkg.com/@arizeai/openinference-semantic-conventions/-/openinference-semantic-conventions-2.5.0.tgz#58988b74ffa0f076233edde4d66990e001afdf1a"
  integrity sha512-4ZeSwiFX3YxB0WSE6x568wM4PVHiYmz3yiOxic6WGKVrE/KIGggMFP/eqUNQhikBKP68IDV0qiILlZAIYnheAQ==

"@arizeai/openinference-vercel@^3.1.0":
  version "3.1.0"
  resolved "https://registry.yarnpkg.com/@arizeai/openinference-vercel/-/openinference-vercel-3.1.0.tgz#9fc013b4c463a427f8102c644c3921501b1acefb"
  integrity sha512-DDOjfTJpKxb6JYkjhSrlzdIOKXX1zSlXFDjRqGJDgDjbVBEZpqsQeyV1OIRmf0YcftiFk9gCIL/2EpgSllsMeg==
  dependencies:
    "@arizeai/openinference-core" "2.4.0"
    "@arizeai/openinference-genai" "0.3.0"
    "@arizeai/openinference-semantic-conventions" "2.5.0"
    "@opentelemetry/core" "^1.30.1"
    "@opentelemetry/semantic-conventions" ">=1.41.1 <2.0.0"

"@emnapi/core@1.11.2":
  version "1.11.2"
  resolved "https://registry.yarnpkg.com/@emnapi/core/-/core-1.11.2.tgz#fab0a0f3c492d11f5a9ac9065d0d73955ee1c1c9"
  integrity sha512-TC8MkTuZUtcTSiFeuC0ksCh9QIJ5+F21MvZ4Wn4ORfYaFJ/0dsiudv5tVkejgwZlwQ39jL9WWDe2lz8x0WglOA==
  dependencies:
    "@emnapi/wasi-threads" "1.2.2"
    tslib "^2.4.0"

"@emnapi/runtime@1.11.2":
  version "1.11.2"
  resolved "https://registry.yarnpkg.com/@emnapi/runtime/-/runtime-1.11.2.tgz#eb22f04d76febfdf4f87fdaff54c8a53f6bf0dbd"
  integrity sha512-kyOl3X0DuTiT1h2ft8r2fYO8JYtU9a9Xis/zBSiGArNaagCOWx90N1k2wxp18czFDH+OgcWGb5ZP/XMt3dcyPA==
  dependencies:
    tslib "^2.4.0"

"@emnapi/wasi-threads@1.2.2":
  version "1.2.2"
  resolved "https://registry.yarnpkg.com/@emnapi/wasi-threads/-/wasi-threads-1.2.2.tgz#4c93becf5bfa3b13d1bbdcc06aee38321ad8139a"
  integrity sha512-c95qOXkHdydNKhscBTebqEC1CVAZpyqOfVfBzQ1qgzyl3gfeldUjIggDbIZgDKsHLgnsM+igH7TJ/eAasaVuMA==
  dependencies:
    tslib "^2.4.0"

"@esbuild/aix-ppc64@0.28.1":
  version "0.28.1"
  resolved "https://registry.yarnpkg.com/@esbuild/aix-ppc64/-/aix-ppc64-0.28.1.tgz#7a01a8d2ec2fbb2dac78adad09b0fa781e4082be"
  integrity sha512-Svl7tq8k/08+p6CXPpRjQ1fKX+1odH/BQbb48fV6fj3CWHhsoIOoY87w1oHXm0qEpkIK3ZfVgp0hed3XBXzXMQ==

"@esbuild/android-arm64@0.28.1":
  version "0.28.1"
  resolved "https://registry.yarnpkg.com/@esbuild/android-arm64/-/android-arm64-0.28.1.tgz#b540a27d14e4afd058496a4dbec4d3f414db110a"
  integrity sha512-34EGEbCIAgosYz6goLcopX6Mo7NyGv9tfwEM2/7Ce2VcVRk568iSvniGWcUXIy7wEDR1wzolcxcriFVrWYcwBg==

"@esbuild/android-arm@0.28.1":
  version "0.28.1"
  resolved "https://registry.yarnpkg.com/@esbuild/android-arm/-/android-arm-0.28.1.tgz#704bd297de6d762de54eabbeafbf55f6756abe2f"
  integrity sha512-0k2F129Xdio1TdJfzJ8sy1Q47vUD2NnwdhiAf7drUN1EBTfPf4hsFCtmMgu/6m8JSzsBrlmVjudMBQqOfG8usQ==

"@esbuild/android-x64@0.28.1":
  version "0.28.1"
  resolved "https://registry.yarnpkg.com/@esbuild/android-x64/-/android-x64-0.28.1.tgz#d1cb166d34b0fbf0fe8ab460a5594f24a378701e"
  integrity sha512-dbwY7ltSMDWsRatcRpCnES4F+im88OCUgGZjy52shC7GqHRE/cYlxNbB4Z4UpJswpcc4Qxd2oE/ufM0p61IKng==

"@esbuild/darwin-arm64@0.28.1":
  version "0.28.1"
  resolved "https://registry.yarnpkg.com/@esbuild/darwin-arm64/-/darwin-arm64-0.28.1.tgz#1034b26457fc886368fe61bbd09f653f6afa8e54"
  integrity sha512-TZbWkQY7kvTAXbXUT7uVACR5cMHsDiSz9z7ZKAX/RTq/WJEk3QyRr0wZpNhBDX+/0CtdqUIJlOiodQcta6tY3Q==

"@esbuild/darwin-x64@0.28.1":
  version "0.28.1"
  resolved "https://registry.yarnpkg.com/@esbuild/darwin-x64/-/darwin-x64-0.28.1.tgz#65556a432a1e4d72032d8218c1932fcca1a49772"
  integrity sha512-zfdzgK9ACBNZLI/CyHTOx81SyNbM6YXn7rxSgX97VjyiPl9W1i4Ka4fgKECEoFCKGpvBj5qArWIGgQjOwkgskQ==

"@esbuild/freebsd-arm64@0.28.1":
  version "0.28.1"
  resolved "https://registry.yarnpkg.com/@esbuild/freebsd-arm64/-/freebsd-arm64-0.28.1.tgz#2e61e0592f9030d7e3dae18ee25ebc535918aef6"
  integrity sha512-wG2EA8ENdEI0qhkSZMjfqrdY+ziCYCPMmtZjjIwOmXFjmyzEHn+UUxk5of+SYsjtfs3VpnlC7QLzSI5hY/rOAw==

"@esbuild/freebsd-x64@0.28.1":
  version "0.28.1"
  resolved "https://registry.yarnpkg.com/@esbuild/freebsd-x64/-/freebsd-x64-0.28.1.tgz#c95ec289959ef8079c4dca817a1e2c4be66b9bd3"
  integrity sha512-i7dZ9vQgnvSCzi/rYCXNgtF/U+eKZNJBzu3eTQbRgHnM7tNSizLOkRFAl3qzVc/Op/u5YkHHa4pf/3DOYHthLQ==

"@esbuild/linux-arm64@0.28.1":
  version "0.28.1"
  resolved "https://registry.yarnpkg.com/@esbuild/linux-arm64/-/linux-arm64-0.28.1.tgz#40b22175dda06182f3ee8141186c5ff304c4a717"
  integrity sha512-yHs+0uc8+nvEAfAfxrWQKK5peSNzBc4PegcMO0EJ2hT71uA7vB8Ihg2e77R2P7SG5uYjPbHlLLmve4LLLRCf0g==

"@esbuild/linux-arm@0.28.1":
  version "0.28.1"
  resolved "https://registry.yarnpkg.com/@esbuild/linux-arm/-/linux-arm-0.28.1.tgz#c09a0f67917592ac0de892a9be4d3814debd2a6c"
  integrity sha512-qVXBOHQS+d5Y722GwJzJUtOLlX7km3CraOaGormF1pDtPd2C/l1SHRPgjLunLGe51Sh5YYWKMFDyV4SxgMQYTQ==

"@esbuild/linux-ia32@0.28.1":
  version "0.28.1"
  resolved "https://registry.yarnpkg.com/@esbuild/linux-ia32/-/linux-ia32-0.28.1.tgz#a580f9c676797833891e519fc7a1337c8afd8db3"
  integrity sha512-d1z4ZuP0ajrfz/FhGT4vv278rX8KnPPJx8i5+AtK7TYbx9Le9F1hyzurZpkEyjkGa9dUGhQow4C1NmeGvqxN2w==

"@esbuild/linux-loong64@0.28.1":
  version "0.28.1"
  resolved "https://registry.yarnpkg.com/@esbuild/linux-loong64/-/linux-loong64-0.28.1.tgz#46452cf321dc7f9e91c2fa780a56bb56e79cd68b"
  integrity sha512-M5sRjUVZrkm1OAPR3dlOYzNmN+loZKGVi1VUQGrwuqLcbR6qeAz+famMhjASeH3YVKvZz+zT1jlh/keC3Rj/lg==

"@esbuild/linux-mips64el@0.28.1":
  version "0.28.1"
  resolved "https://registry.yarnpkg.com/@esbuild/linux-mips64el/-/linux-mips64el-0.28.1.tgz#4211b3184dd6608f53dcb22e39f5d34ee08852c8"
  integrity sha512-mRObBZeHh2OxcBFPWE/FjylkRgZdYuiTR3vaTozquCGOH14iP9oN4x4Ge81CoIDYQrXmIxpFumJBu5MtZpnQJQ==

"@esbuild/linux-ppc64@0.28.1":
  version "0.28.1"
  resolved "https://registry.yarnpkg.com/@esbuild/linux-ppc64/-/linux-ppc64-0.28.1.tgz#697857c2a61cb9b0b6bb6652e40c1dc5e1ca8e5d"
  integrity sha512-slScBsMAb3GFDcdrCgLwZtPYRoH2H/youv10QiZyRjmsP48fznoveWytSgCI/R0ZcUgpc0ZhIUEx6LHts8yrfQ==

"@esbuild/linux-riscv64@0.28.1":
  version "0.28.1"
  resolved "https://registry.yarnpkg.com/@esbuild/linux-riscv64/-/linux-riscv64-0.28.1.tgz#d192943eb146a40ac4c6497d0cf7be35b986bf08"
  integrity sha512-kw0owk1o0GFETUJyW0jc0G4Yzs0BHZn0JDZ8JRT088vjJYX777BAs1fDGxAC+q831qOs2DTC96mNsG2opdfyyQ==

"@esbuild/linux-s390x@0.28.1":
  version "0.28.1"
  resolved "https://registry.yarnpkg.com/@esbuild/linux-s390x/-/linux-s390x-0.28.1.tgz#acea0356da0e0ebc08f97cf7b9c2e401e1e648dc"
  integrity sha512-/lAIjX8aYFRByhh6L5rYtPEDRqa9de/4V/juOXcta5frjvzXO4/sqEtyytse0g3zZFuWu5cDN0MkLz2qRDD2Ag==

"@esbuild/linux-x64@0.28.1":
  version "0.28.1"
  resolved "https://registry.yarnpkg.com/@esbuild/linux-x64/-/linux-x64-0.28.1.tgz#6f0c3ce0cb64c534b70c4c45ecb2c16d34e35dfd"
  integrity sha512-u/anNYF2mmVOEDwLtnQ1wOr3EZ9sTNGLWrsYGYwHWzGA3Si84IOkHXlbWTD1NB+9/1lcnweYKO54uhxZydNzfA==

"@esbuild/netbsd-arm64@0.28.1":
  version "0.28.1"
  resolved "https://registry.yarnpkg.com/@esbuild/netbsd-arm64/-/netbsd-arm64-0.28.1.tgz#8bcd77077a0dce3378b574fedb26d2a253b73d36"
  integrity sha512-oks0DYbLwWMmaakTsCb+zL4E+aHRVLom9IJZOAthMQEPiQmydXHkziYEsGYRx0uNV/IjEKGAV941JzH02pflqw==

"@esbuild/netbsd-x64@0.28.1":
  version "0.28.1"
  resolved "https://registry.yarnpkg.com/@esbuild/netbsd-x64/-/netbsd-x64-0.28.1.tgz#e7fb2a01e99c830c94e6623cd9fefb4c8fb58347"
  integrity sha512-aeL6lAnN89Hz43Mlh1G8ARasbuoYvSITDEx0tHh5b7jJnHcssqgjy9Yx430GDpmCa6OyrKoS0aNRjKundRizGg==

"@esbuild/openbsd-arm64@0.28.1":
  version "0.28.1"
  resolved "https://registry.yarnpkg.com/@esbuild/openbsd-arm64/-/openbsd-arm64-0.28.1.tgz#c52909372db8b86e2c55e05a8940033b5660a3b2"
  integrity sha512-MEFJe5C3R8pwXdZ5Y21oo6m7ePiS0d9pWucn99O/wvyJZChoIQKrQDxKrGeW8F5+T0okTHesAmDeiHDTIq0V/Q==

"@esbuild/openbsd-x64@0.28.1":
  version "0.28.1"
  resolved "https://registry.yarnpkg.com/@esbuild/openbsd-x64/-/openbsd-x64-0.28.1.tgz#c427b9be5a64c262ff9a7eb70b5fbbaadf446c6c"
  integrity sha512-i/ZLIOafE0Z8cI/XANJAixoJL/uRAoS2xOA3rb0xN+KK0K177cMAsQYkzHtBrtMXAKuAc7HGgcWiZ/sRC1Nxgw==

"@esbuild/openharmony-arm64@0.28.1":
  version "0.28.1"
  resolved "https://registry.yarnpkg.com/@esbuild/openharmony-arm64/-/openharmony-arm64-0.28.1.tgz#dc9b147baca2e6c4b3c85571741ef4860a489097"
  integrity sha512-ge+Z7EXFNt2BO1oAMsVpiQ8EwndV9i1xXerAeTIK7AtPs3bKFXQM7nlRxDSIUIMeueR1CNXxqztLzdNeReKBJg==

"@esbuild/sunos-x64@0.28.1":
  version "0.28.1"
  resolved "https://registry.yarnpkg.com/@esbuild/sunos-x64/-/sunos-x64-0.28.1.tgz#ce866d12df13c15e4c99f073a3d466f6e0649b3a"
  integrity sha512-BEjgtECkL3vY+SaSQ6nzVfiALUeFxpawyp8Jmf5PtYhf1Ug40N1h/hxlhts+f1FvSvarEigdxS3BlSMI2PJLcQ==

"@esbuild/win32-arm64@0.28.1":
  version "0.28.1"
  resolved "https://registry.yarnpkg.com/@esbuild/win32-arm64/-/win32-arm64-0.28.1.tgz#7468e3692d01d629d5941e5d83817bb80f9e39b4"
  integrity sha512-lCv9eK/H6ZJWbE7bh2nw54CZ9M2nupBxJcTsdk/QQnWkdSjKGuxmmH8/GWrlT1eMmZfn4dGcCjRte397WqfQXA==

"@esbuild/win32-ia32@0.28.1":
  version "0.28.1"
  resolved "https://registry.yarnpkg.com/@esbuild/win32-ia32/-/win32-ia32-0.28.1.tgz#a5bc0063fb2bcab6d0ed63f2a1537958bc269ec6"
  integrity sha512-zvb/mB2bSCoJOpoCBgYKKpX6YM6mJBlBUVUtVj41DlZJVEB6/0CKlRYxP5wWl1C1ILiCoAU5wZZ4q1P3qeS6Eg==

"@esbuild/win32-x64@0.28.1":
  version "0.28.1"
  resolved "https://registry.yarnpkg.com/@esbuild/win32-x64/-/win32-x64-0.28.1.tgz#10064ee44f4347b90c9a02b446bbf80a91632b12"
  integrity sha512-bm4Mowrv+GXMlpWX++EcXw/iLyd1o3+bJkC2DkWXYVvgZCqD/bSj9ctZeAMC3cIxgjRVR2Dufaiu4YPxr5gW1A==

"@napi-rs/wasm-runtime@^1.1.6":
  version "1.1.6"
  resolved "https://registry.yarnpkg.com/@napi-rs/wasm-runtime/-/wasm-runtime-1.1.6.tgz#ed33806d0f9be98dc76d0c3d4fd872fda701b5d5"
  integrity sha512-ZLv/JdUfkvOy9eCnnBaGfiO+XimbjebAeO+MRQqD/B+FR1tnRN0tpKSJHRbE8sFfS6aqsXZ67TQjfwfsxULVbg==
  dependencies:
    "@tybys/wasm-util" "^0.10.3"

"@opentelemetry/api-logs@0.220.0", "@opentelemetry/api-logs@^0.220.0":
  version "0.220.0"
  resolved "https://registry.yarnpkg.com/@opentelemetry/api-logs/-/api-logs-0.220.0.tgz#b2ed235de4b5f3c1769adfa5f3bc247d82cdfbc9"
  integrity sha512-CmVa4ImJ+ynfrPMNaAXHET6Bhb44SwzmfyVJFq9ni2jgXJR/l7C6gfVFddNmHP+ZOkP9cf4f9DBe68qVLTHc9w==
  dependencies:
    "@opentelemetry/api" "^1.3.0"

"@opentelemetry/api@1.9.1", "@opentelemetry/api@^1.3.0", "@opentelemetry/api@^1.9.0", "@opentelemetry/api@^1.9.1":
  version "1.9.1"
  resolved "https://registry.yarnpkg.com/@opentelemetry/api/-/api-1.9.1.tgz#c1b0346de336ba55af2d5a7970882037baedec05"
  integrity sha512-gLyJlPHPZYdAk1JENA9LeHejZe1Ti77/pTeFm/nMXmQH/HFZlcS/O2XJB+L8fkbrNSqhdtlvjBVjxwUYanNH5Q==

"@opentelemetry/core@2.9.0", "@opentelemetry/core@^2.9.0":
  version "2.9.0"
  resolved "https://registry.yarnpkg.com/@opentelemetry/core/-/core-2.9.0.tgz#49de86106f86255b471b2ff035ef1003a851b252"
  integrity sha512-m2nckMT80NnmjTYSPjJQObBJ+8dgkoajEOUbznL8AHZ3T3yHRk2P7gI1PhEBc1+lOnrYE9UWrWHqJDsmqjmNbw==
  dependencies:
    "@opentelemetry/semantic-conventions" "^1.29.0"

"@opentelemetry/core@^1.25.1", "@opentelemetry/core@^1.30.1":
  version "1.30.1"
  resolved "https://registry.yarnpkg.com/@opentelemetry/core/-/core-1.30.1.tgz#a0b468bb396358df801881709ea38299fc30ab27"
  integrity sha512-OOCM2C/QIURhJMuKaekP3TRBxBKxG/TWWA0TL2J6nXUtDnuCtccy49LUJF8xPFXMX+0LMcxFpCo8M9cGY1W6rQ==
  dependencies:
    "@opentelemetry/semantic-conventions" "1.28.0"

"@opentelemetry/instrumentation@^0.220.0":
  version "0.220.0"
  resolved "https://registry.yarnpkg.com/@opentelemetry/instrumentation/-/instrumentation-0.220.0.tgz#542b36bf4871dd83dc84e1373ac4bbcd35a8bfb8"
  integrity sha512-xQx3E2WxP1mDvKzxLxX+CTCtNLa560YJZ3087qYHerl2YmiKpv7AH+dAy7vmx+eVrZ5BwhfWUAVoKOoxCNHcpw==
  dependencies:
    "@opentelemetry/api-logs" "0.220.0"
    import-in-the-middle "^3.0.0"
    require-in-the-middle "^8.0.0"

"@opentelemetry/resources@2.9.0", "@opentelemetry/resources@^2.9.0":
  version "2.9.0"
  resolved "https://registry.yarnpkg.com/@opentelemetry/resources/-/resources-2.9.0.tgz#81e1ce946eec661857a9d6c4fa507b3750ae500f"
  integrity sha512-jyA5MBLQ+Dkl3+JsZkUoUvL7yHvU64kLsvpXKarWm6347Sl1t1bXFTFykUePNpT5WH5pm9a2Qtt03iIYQhZ1Fg==
  dependencies:
    "@opentelemetry/core" "2.9.0"
    "@opentelemetry/semantic-conventions" "^1.29.0"

"@opentelemetry/sdk-logs@^0.220.0":
  version "0.220.0"
  resolved "https://registry.yarnpkg.com/@opentelemetry/sdk-logs/-/sdk-logs-0.220.0.tgz#590c36c5e9e49b7823601b45ad39bba1ca265a80"
  integrity sha512-WywcTkQtv2iNmt+6y5Kcd4rzvx9bLVsBa2Nwcmg01IUaBTkTow3W4d9KE5vNBpEDtb9tp21WcRBY/lANRrApYA==
  dependencies:
    "@opentelemetry/api-logs" "0.220.0"
    "@opentelemetry/core" "2.9.0"
    "@opentelemetry/resources" "2.9.0"
    "@opentelemetry/semantic-conventions" "^1.29.0"

"@opentelemetry/sdk-metrics@^2.9.0":
  version "2.9.0"
  resolved "https://registry.yarnpkg.com/@opentelemetry/sdk-metrics/-/sdk-metrics-2.9.0.tgz#4339ac637b9dc99c597bafdefb0ba66ef7391a7c"
  integrity sha512-Xx8RGS4H5XEBl01WuCreMIpiah9cCXMbSkeuIePPdD2cUpq/vUzYmj8E/MK1OsbOc93FuAD4jfn2WOacKwLn7Q==
  dependencies:
    "@opentelemetry/core" "2.9.0"
    "@opentelemetry/resources" "2.9.0"

"@opentelemetry/sdk-trace-base@^2.9.0":
  version "2.9.0"
  resolved "https://registry.yarnpkg.com/@opentelemetry/sdk-trace-base/-/sdk-trace-base-2.9.0.tgz#34e314486127ce0ad596757a10c4c6f8ed435385"
  integrity sha512-cp9zmTl62R8PJrpvFcmc8N2JQU/xfa0S+61q511Nji+QxCfZ8Ifvg7H27G8cANe4crg4RTrWsVvanHiXjSp6ag==
  dependencies:
    "@opentelemetry/core" "2.9.0"
    "@opentelemetry/resources" "2.9.0"
    "@opentelemetry/sdk-trace" "2.9.0"
    "@opentelemetry/semantic-conventions" "^1.29.0"

"@opentelemetry/sdk-trace@2.9.0":
  version "2.9.0"
  resolved "https://registry.yarnpkg.com/@opentelemetry/sdk-trace/-/sdk-trace-2.9.0.tgz#c82103a11a712b31ac9281b706fc5dc76d126ae6"
  integrity sha512-sGA19HvtrrSKYsseHphluH6j3p6Xa3fqc7c7y8f/7mYWejc1lyDFcpSdD1kYa50HCLUeEo4zA5bW0pniaPszuw==
  dependencies:
    "@opentelemetry/core" "2.9.0"
    "@opentelemetry/resources" "2.9.0"
    "@opentelemetry/semantic-conventions" "^1.29.0"

"@opentelemetry/semantic-conventions@1.28.0":
  version "1.28.0"
  resolved "https://registry.yarnpkg.com/@opentelemetry/semantic-conventions/-/semantic-conventions-1.28.0.tgz#337fb2bca0453d0726696e745f50064411f646d6"
  integrity sha512-lp4qAiMTD4sNWW4DbKLBkfiMZ4jbAboJIGOQr5DvciMRI494OapieI9qiODpOt0XBr1LjIDy1xAGAnVs5supTA==

"@opentelemetry/semantic-conventions@>=1.41.1 <2.0.0", "@opentelemetry/semantic-conventions@^1.29.0", "@opentelemetry/semantic-conventions@^1.43.0":
  version "1.43.0"
  resolved "https://registry.yarnpkg.com/@opentelemetry/semantic-conventions/-/semantic-conventions-1.43.0.tgz#f3f467e36c27332f0e735ec86cdcd78dd6f27865"
  integrity sha512-eSYWTm620tTk45EKSedaUL8MFYI8hW164hIXsgIHyxu3VobUB3fFCu5t0hQby6OoWRPsG1KkKUG2M5UadiLiVg==

"@oxc-project/types@=0.140.0":
  version "0.140.0"
  resolved "https://registry.yarnpkg.com/@oxc-project/types/-/types-0.140.0.tgz#2acc1bd45ff24951059d01ce7552d26e1574c5ac"
  integrity sha512-h5LUOzGArYemnW1NMz/DuuQhBi96J6JL2Bk8zE4kvqxB5Sg3jxmCiH4uyOWHDkiKSt5vWlG4FIwCR/DbstcNRQ==

"@rolldown/binding-android-arm64@1.2.0":
  version "1.2.0"
  resolved "https://registry.yarnpkg.com/@rolldown/binding-android-arm64/-/binding-android-arm64-1.2.0.tgz#18b16c76ef035d88a12905e84a5875fd39a869b4"
  integrity sha512-9yB1l95IrJuNGDFdOYe79vdApdz6WWBCObE+rQ2LUliYUlcyFwSYIb2xb5/Ifw7dAtMy2ZqNyd8QTSOc7duAKw==

"@rolldown/binding-darwin-arm64@1.2.0":
  version "1.2.0"
  resolved "https://registry.yarnpkg.com/@rolldown/binding-darwin-arm64/-/binding-darwin-arm64-1.2.0.tgz#2d66d02ade26d1ef79f98f65d7598fd9dae0a77b"
  integrity sha512-pexNaW9ACLUOaBITOpU6qVu4VrsOFIjTv6bzgu0YUATo4eUJx0V605PxwZfndpPOn0ilqGqvGQ0M8UW0IE24jg==

"@rolldown/binding-darwin-x64@1.2.0":
  version "1.2.0"
  resolved "https://registry.yarnpkg.com/@rolldown/binding-darwin-x64/-/binding-darwin-x64-1.2.0.tgz#2f8a8beecd275e4291730c3f5b21b45399c81c4d"
  integrity sha512-NqKYaq0355ZmNMG4QGpxtEDxsc7tGDhjhCm4PpE0cwnBW+5Il95LJyq414niEiaKLVjnVHBEjSo1wngKxJNiFw==

"@rolldown/binding-freebsd-x64@1.2.0":
  version "1.2.0"
  resolved "https://registry.yarnpkg.com/@rolldown/binding-freebsd-x64/-/binding-freebsd-x64-1.2.0.tgz#2b66b88e282ea2ebd2ab721ea88d209d600508c0"
  integrity sha512-3vPoHzh6eBTz9IbB0/qZdSr0Qeks2echn+I4cHu2joV74VriPDdldswksEDzrl1mBB+oPRi+67+3Ib59paxIPQ==

"@rolldown/binding-linux-arm-gnueabihf@1.2.0":
  version "1.2.0"
  resolved "https://registry.yarnpkg.com/@rolldown/binding-linux-arm-gnueabihf/-/binding-linux-arm-gnueabihf-1.2.0.tgz#e3c3a54ab4b7855dd7b1388bd564344e78f2a9d8"
  integrity sha512-E6NNefZ1bUVmKJq2tJkf45J4Zyczj7qm9rUT7NY+Xo2474Y13qWAwc2tvBt0BAVbmtXR1llkxXg0Ou1jbDf2SQ==

"@rolldown/binding-linux-arm64-gnu@1.2.0":
  version "1.2.0"
  resolved "https://registry.yarnpkg.com/@rolldown/binding-linux-arm64-gnu/-/binding-linux-arm64-gnu-1.2.0.tgz#1af753d6af0db3e408193d945f592f328947fd39"
  integrity sha512-D+TgkdgM1vu+7/Fpf8+v0ARW+RXEP9Ccazgm8zQ4JFFd9Q7SrYQ2TakU5S5ihazQDgpKyAgZDOcIFsvoHmTZ8w==

"@rolldown/binding-linux-arm64-musl@1.2.0":
  version "1.2.0"
  resolved "https://registry.yarnpkg.com/@rolldown/binding-linux-arm64-musl/-/binding-linux-arm64-musl-1.2.0.tgz#1caa273824312871204d2b58747425ea49739ef1"
  integrity sha512-wUqdwJBbAv0APN87GecstdMUtLjjNTs0hBALpxETD73mccFxdmt/XeizXDtN5RAlBwNKmI+Tg+blect2G+8IeQ==

"@rolldown/binding-linux-ppc64-gnu@1.2.0":
  version "1.2.0"
  resolved "https://registry.yarnpkg.com/@rolldown/binding-linux-ppc64-gnu/-/binding-linux-ppc64-gnu-1.2.0.tgz#95a1a48e3051f1f8d9cab3703de62ea418c9924e"
  integrity sha512-9DtF35qR9/NrfhM4oxLplCzVVjE+KKm8Pjemi0i/sdhAWkUasjmSo8WTTubNJClhSHCfyk2yeyoXDQEDPtDAAw==

"@rolldown/binding-linux-s390x-gnu@1.2.0":
  version "1.2.0"
  resolved "https://registry.yarnpkg.com/@rolldown/binding-linux-s390x-gnu/-/binding-linux-s390x-gnu-1.2.0.tgz#2d3f7543b193f8462a4c12e9aefd2ad72fbbe518"
  integrity sha512-RzuHrBh8X8Hntd2N4VR02QGEciq/9JhcZoTpR/Cee6otRrlILGCf3cg2ygHuih+ZebUnWmMrDX6ITI85btO6rQ==

"@rolldown/binding-linux-x64-gnu@1.2.0":
  version "1.2.0"
  resolved "https://registry.yarnpkg.com/@rolldown/binding-linux-x64-gnu/-/binding-linux-x64-gnu-1.2.0.tgz#0d428b854214bcaf0c8b81fc668c59932b20283b"
  integrity sha512-MK7L0018jjh1jR3mh21G2j1zAVcpscJBlPo2z19pRjv2XOYGRhaV4LyiD8HO6nCDdZln9IFgCMIV5yt4E3klGQ==

"@rolldown/binding-linux-x64-musl@1.2.0":
  version "1.2.0"
  resolved "https://registry.yarnpkg.com/@rolldown/binding-linux-x64-musl/-/binding-linux-x64-musl-1.2.0.tgz#3ef09dc3980913b3db489e5b568db3f51b7c02f8"
  integrity sha512-gyrxLQ9NfGb/9LoVnC4kb9miUghw1mghnkfYvNHSnVIXriabnfgGPUP4RLcJm87q3KgYz4FYUG8IDiWUT+CpSw==

"@rolldown/binding-openharmony-arm64@1.2.0":
  version "1.2.0"
  resolved "https://registry.yarnpkg.com/@rolldown/binding-openharmony-arm64/-/binding-openharmony-arm64-1.2.0.tgz#bc2afd9513b85fd3cc176e3d0cb32727f4611598"
  integrity sha512-/6VFMQGRmrhP77KXDC+StIxGzcNp5JOIyYtw0CQ8gPlzhpiIRucYfoM5FaFamHd5BJYIdH86yfP46l1p3WdrFA==

"@rolldown/binding-wasm32-wasi@1.2.0":
  version "1.2.0"
  resolved "https://registry.yarnpkg.com/@rolldown/binding-wasm32-wasi/-/binding-wasm32-wasi-1.2.0.tgz#50c6eb1a34c699deb824a7fd2dbbe664e773a70f"
  integrity sha512-rwdbUL465kisF24WEJLvP3JrEG6E5GRuIHt5wpMwHGERtHe4Wm2CIvtf5gTBgr2tGOHKh5NdKEAFS2VkOPE91g==
  dependencies:
    "@emnapi/core" "1.11.2"
    "@emnapi/runtime" "1.11.2"
    "@napi-rs/wasm-runtime" "^1.1.6"

"@rolldown/binding-win32-arm64-msvc@1.2.0":
  version "1.2.0"
  resolved "https://registry.yarnpkg.com/@rolldown/binding-win32-arm64-msvc/-/binding-win32-arm64-msvc-1.2.0.tgz#548e33a9362f50ca326e49bdfd35d4e1aaa68d9a"
  integrity sha512-+5suHwRiKGmhwyUaNT8a5QbrBvLFh2DbO910TEmGRH1aSxwrCezodvGQnulv4uiWEIv1Kq4ypRsJ5+O+ry1DiA==

"@rolldown/binding-win32-x64-msvc@1.2.0":
  version "1.2.0"
  resolved "https://registry.yarnpkg.com/@rolldown/binding-win32-x64-msvc/-/binding-win32-x64-msvc-1.2.0.tgz#7a655b9b4cac46a46eb18a0fae6bbc9ca22db4e4"
  integrity sha512-WfFv6/qGufotqBSBzBYwgpCkJBk8Nj7697LL9vTz/XWc67e0r3oewu8iMRwQj3AUL45GVD7wVsPjCsAAtW66Wg==

"@rolldown/pluginutils@^1.0.0":
  version "1.0.1"
  resolved "https://registry.yarnpkg.com/@rolldown/pluginutils/-/pluginutils-1.0.1.tgz#e3fcee093fbb5ce765e1ad088ff4de2889f6f9be"
  integrity sha512-2j9bGt5Jh8hj+vPtgzPtl72j0yRxHAyumoo6TNfAjsLB04UtpSvPbPcDcBMxz7n+9CYB0c1GxQFxYRg2jimqGw==

"@sec-ant/readable-stream@^0.4.1":
  version "0.4.1"
  resolved "https://registry.npmjs.org/@sec-ant/readable-stream/-/readable-stream-0.4.1.tgz"
  integrity sha512-831qok9r2t8AlxLko40y2ebgSDhenenCatLVeW/uBtnHPyhHOvG0C7TvfgecV+wHzIm5KUICgzmVpWS+IMEAeg==

"@sindresorhus/is@^7.0.1":
  version "7.0.1"
  resolved "https://registry.npmjs.org/@sindresorhus/is/-/is-7.0.1.tgz"
  integrity sha512-QWLl2P+rsCJeofkDNIT3WFmb6NrRud1SUYW8dIhXK/46XFV8Q/g7Bsvib0Askb0reRLe+WYPeeE+l5cH7SlkuQ==

"@standard-schema/spec@^1.1.0":
  version "1.1.0"
  resolved "https://registry.yarnpkg.com/@standard-schema/spec/-/spec-1.1.0.tgz#a79b55dbaf8604812f52d140b2c9ab41bc150bb8"
  integrity sha512-l2aFy5jALhniG5HgqrD6jXLi/rUWrKvqN/qJx6yoJsgKhblVd+iqqU4RCXavm/jPityDo5TCvKMnpjKnOriy0w==

"@szmarczak/http-timer@^5.0.1":
  version "5.0.1"
  resolved "https://registry.npmjs.org/@szmarczak/http-timer/-/http-timer-5.0.1.tgz"
  integrity sha512-+PmQX0PiAYPMeVYe237LJAYvOMYW1j2rH5YROyS3b4CTVJum34HfRvKvAzozHAQG0TnHNdUfY9nCeUyRAs//cw==
  dependencies:
    defer-to-connect "^2.0.1"

"@tybys/wasm-util@^0.10.3":
  version "0.10.3"
  resolved "https://registry.yarnpkg.com/@tybys/wasm-util/-/wasm-util-0.10.3.tgz#015cba9e9dd47ce14d03d2a8c5d547bfb169665d"
  integrity sha512-F3fo1MYrRJYL3zER0OUOmkutjr1Vp23m7OsSgp7nq4SP6OqX6C/56XFIPAl5bt3zaBRjmW7SGz3u/6LwFpYcOg==
  dependencies:
    tslib "^2.4.0"

"@types/adm-zip@^0.5.8":
  version "0.5.8"
  resolved "https://registry.yarnpkg.com/@types/adm-zip/-/adm-zip-0.5.8.tgz#d4ee920d9fbef78061d039fa7c4776de7a0bb1af"
  integrity sha512-RVVH7QvZYbN+ihqZ4kX/dMiowf6o+Jk1fNwiSdx0NahBJLU787zkULhGhJM8mf/obmLGmgdMM0bXsQTmyfbR7Q==
  dependencies:
    "@types/node" "*"

"@types/http-cache-semantics@^4.0.4":
  version "4.0.4"
  resolved "https://registry.npmjs.org/@types/http-cache-semantics/-/http-cache-semantics-4.0.4.tgz"
  integrity sha512-1m0bIFVc7eJWyve9S0RnuRgcQqF/Xd5QsUZAZeQFr1Q3/p9JWoQQEqmVy+DPTNpGXwhgIetAoYF8JSc33q29QA==

"@types/node@*":
  version "25.0.9"
  resolved "https://registry.yarnpkg.com/@types/node/-/node-25.0.9.tgz#81ce3579ddf67cae812a9d49c8a0ab90c82e7782"
  integrity sha512-/rpCXHlCWeqClNBwUhDcusJxXYDjZTyE8v5oTO7WbL8eij2nKhUeU89/6xgjU7N4/Vh3He0BtyhJdQbDyhiXAw==
  dependencies:
    undici-types "~7.16.0"

"@types/node@^22.10.0":
  version "22.19.7"
  resolved "https://registry.yarnpkg.com/@types/node/-/node-22.19.7.tgz#434094ee1731ae76c16083008590a5835a8c39c1"
  integrity sha512-MciR4AKGHWl7xwxkBa6xUGxQJ4VBOmPTF7sL+iGzuahOFaO0jHCsuEfS80pan1ef4gWId1oWOweIhrDEYLuaOw==
  dependencies:
    undici-types "~6.21.0"

"@vercel/oidc@3.2.0":
  version "3.2.0"
  resolved "https://registry.yarnpkg.com/@vercel/oidc/-/oidc-3.2.0.tgz#5782a4d4904443f015808705b5537cf9c3b68528"
  integrity sha512-UycprH3T6n3jH0k44NHMa7pnFHGu/N05MjojYr+Mc6I7obkoLIJujSWwin1pCvdy/eOxrI/l3uDLQsmcrOb4ug==

"@vercel/otel@^2.1.3":
  version "2.1.3"
  resolved "https://registry.yarnpkg.com/@vercel/otel/-/otel-2.1.3.tgz#3167b5c8fc8bb7b95f81e2b54030ec6ff25cc7b9"
  integrity sha512-Ofvzs9qhftRD1YMLuPnhbXjQZG6IKrJ9AmEKmRHRGfoWlV89ed2gAOkvddkFiZDFZJm2rrFNdeZKRVxoCdnWiw==

"@workflow/serde@4.1.0":
  version "4.1.0"
  resolved "https://registry.yarnpkg.com/@workflow/serde/-/serde-4.1.0.tgz#82dbbaf2370f7b8ae46d9a9a4ab0917258f8db62"
  integrity sha512-pav4F2BoirECWR7Nf1TKt+2eETcBj7jj4cBefQ8VXQCA6NPkaKeLfj/zMgi+3zYV5ZIBT4GuUiphsj0/b9hPQQ==

adm-zip@^0.6.0:
  version "0.6.0"
  resolved "https://registry.yarnpkg.com/adm-zip/-/adm-zip-0.6.0.tgz#bbc5c6c333755e967a06dd98747f431e1d53a3cf"
  integrity sha512-XleryMhbuksdKtofnWZ9Sk+4CUTbms4Mb/EU32SZwToAyZ5RgVos/ki8n+yr0LWHOGKuakbXTuuYNHLQjhddgg==

ai@7.0.31, ai@^7.0.31:
  version "7.0.31"
  resolved "https://registry.yarnpkg.com/ai/-/ai-7.0.31.tgz#d8e6b919fa1ed5e98310fe92626cdd9852ab8b48"
  integrity sha512-pJfwKXjF5kw0rKRTePwYo60EfWb8wfzJAgf3ojln/YkOsVVKttzZAJVcRPsg37Z3a06ZdKkxX+DSrMAFlPm5Mw==
  dependencies:
    "@ai-sdk/gateway" "4.0.23"
    "@ai-sdk/provider" "4.0.3"
    "@ai-sdk/provider-utils" "5.0.11"

cacheable-lookup@^7.0.0:
  version "7.0.0"
  resolved "https://registry.npmjs.org/cacheable-lookup/-/cacheable-lookup-7.0.0.tgz"
  integrity sha512-+qJyx4xiKra8mZrcwhjMRMUhD5NR1R8esPkzIYxX96JiecFoxAXFuz/GpR3+ev4PE1WamHip78wV0vcmPQtp8w==

cacheable-request@^12.0.1:
  version "12.0.1"
  resolved "https://registry.npmjs.org/cacheable-request/-/cacheable-request-12.0.1.tgz"
  integrity sha512-Yo9wGIQUaAfIbk+qY0X4cDQgCosecfBe3V9NSyeY4qPC2SAkbCS4Xj79VP8WOzitpJUZKc/wsRCYF5ariDIwkg==
  dependencies:
    "@types/http-cache-semantics" "^4.0.4"
    get-stream "^9.0.1"
    http-cache-semantics "^4.1.1"
    keyv "^4.5.4"
    mimic-response "^4.0.0"
    normalize-url "^8.0.1"
    responselike "^3.0.0"

cjs-module-lexer@^2.2.0:
  version "2.2.0"
  resolved "https://registry.yarnpkg.com/cjs-module-lexer/-/cjs-module-lexer-2.2.0.tgz#b3ca5101843389259ade7d88c77bd06ce55849ca"
  integrity sha512-4bHTS2YuzUvtoLjdy+98ykbNB5jS0+07EvFNXerqZQJ89F7DI6ET7OQo/HJuW6K0aVsKA9hj9/RVb2kQVOrPDQ==

consola@^3.4.2:
  version "3.4.2"
  resolved "https://registry.yarnpkg.com/consola/-/consola-3.4.2.tgz#5af110145397bb67afdab77013fdc34cae590ea7"
  integrity sha512-5IKcdX0nnYavi6G7TtOhwkYzyjfJlatbjMjuLSfE2kYT5pMDOilZ4OvMhi637CcDICTmz3wARPoyhqyX1Y+XvA==

crossws@^0.4.6, crossws@^0.4.8:
  version "0.4.10"
  resolved "https://registry.yarnpkg.com/crossws/-/crossws-0.4.10.tgz#a94d8a5cc0c4293edc3bb976f135aa45e33e5671"
  integrity sha512-pz3oubH/dt12KjqsUB0IuXW4nwRDQ583iDsP4555Cpdqx0NoU7pGlWBcayyFI8f/l/idRpgjMEfwuOxSWJYlIA==

db0@^0.3.4:
  version "0.3.4"
  resolved "https://registry.yarnpkg.com/db0/-/db0-0.3.4.tgz#fb109b0d9823ba1f787a4a3209fa1f3cf9ae9cf9"
  integrity sha512-RiXXi4WaNzPTHEOu8UPQKMooIbqOEyqA1t7Z6MsdxSCeb8iUC9ko3LcmsLmeUt2SM5bctfArZKkRQggKZz7JNw==

debug@^4.3.5:
  version "4.4.3"
  resolved "https://registry.yarnpkg.com/debug/-/debug-4.4.3.tgz#c6ae432d9bd9662582fce08709b038c58e9e3d6a"
  integrity sha512-RGwwWnwQvkVfavKVt22FGLw+xYSdzARwm0ru6DhTVA3umU5hZc28V3kO4stgYryrTlLpuvgI9GiijltAjNbcqA==
  dependencies:
    ms "^2.1.3"

decompress-response@^6.0.0:
  version "6.0.0"
  resolved "https://registry.npmjs.org/decompress-response/-/decompress-response-6.0.0.tgz"
  integrity sha512-aW35yZM6Bb/4oJlZncMH2LCoZtJXTRxES17vE3hoRiowU2kWHaJKFkSBDnDR+cm9J+9QhXmREyIfv0pji9ejCQ==
  dependencies:
    mimic-response "^3.1.0"

defer-to-connect@^2.0.1:
  version "2.0.1"
  resolved "https://registry.npmjs.org/defer-to-connect/-/defer-to-connect-2.0.1.tgz"
  integrity sha512-4tvttepXG1VaYGrRibk5EwJd1t4udunSOVMdLSAL6mId1ix438oPwPZMALY41FCijukO1L0twNcGsdzS7dHgDg==

dotenv@^16.4.7:
  version "16.4.7"
  resolved "https://registry.npmjs.org/dotenv/-/dotenv-16.4.7.tgz"
  integrity sha512-47qPchRCykZC03FhkYAhrvwU4xDBFIj1QPqaarj6mdM/hgUzfPHcpkHJOn3mJAufFeeAxAzeGsr5X0M4k6fLZQ==

env-runner@^0.1.12:
  version "0.1.16"
  resolved "https://registry.yarnpkg.com/env-runner/-/env-runner-0.1.16.tgz#9090bbeaab904ac7b5f3d42cf515d65de054fe8a"
  integrity sha512-2LRJM4P2KLX6J83QZZrMqvgCDt/D5ea7wPcI3yYiy5cG/9rX5QwdwZFx0D7ktWnjdRyZxYjttGGorb5nFqb1CA==
  dependencies:
    crossws "^0.4.8"
    exsolve "^1.1.0"
    httpxy "^0.5.4"
    srvx "^0.11.19"

es-module-lexer@^2.2.0:
  version "2.3.1"
  resolved "https://registry.yarnpkg.com/es-module-lexer/-/es-module-lexer-2.3.1.tgz#5bf2df06999dbbe5f006a5f46a11fb9f5b7b391b"
  integrity sha512-shc1dbU90Yl/xq1QrC7QRtfcwURZuVRfPhZbDoldJ1cn1gzDvBaBWlv0eFolj5+0znnPJz5TXLxsN77X/12KTA==

esbuild@~0.28.0:
  version "0.28.1"
  resolved "https://registry.yarnpkg.com/esbuild/-/esbuild-0.28.1.tgz#ef45b4634c9c9d97a296aea4114a5f9840f95578"
  integrity sha512-HrJrvZv5ayxBzPfwphOoNzkzOIIlifzk0KJrGK2c8R4+LKpMtpYLQeUdjnwjWv/LZlkH2laZk+4w78pi99D4Vw==
  optionalDependencies:
    "@esbuild/aix-ppc64" "0.28.1"
    "@esbuild/android-arm" "0.28.1"
    "@esbuild/android-arm64" "0.28.1"
    "@esbuild/android-x64" "0.28.1"
    "@esbuild/darwin-arm64" "0.28.1"
    "@esbuild/darwin-x64" "0.28.1"
    "@esbuild/freebsd-arm64" "0.28.1"
    "@esbuild/freebsd-x64" "0.28.1"
    "@esbuild/linux-arm" "0.28.1"
    "@esbuild/linux-arm64" "0.28.1"
    "@esbuild/linux-ia32" "0.28.1"
    "@esbuild/linux-loong64" "0.28.1"
    "@esbuild/linux-mips64el" "0.28.1"
    "@esbuild/linux-ppc64" "0.28.1"
    "@esbuild/linux-riscv64" "0.28.1"
    "@esbuild/linux-s390x" "0.28.1"
    "@esbuild/linux-x64" "0.28.1"
    "@esbuild/netbsd-arm64" "0.28.1"
    "@esbuild/netbsd-x64" "0.28.1"
    "@esbuild/openbsd-arm64" "0.28.1"
    "@esbuild/openbsd-x64" "0.28.1"
    "@esbuild/openharmony-arm64" "0.28.1"
    "@esbuild/sunos-x64" "0.28.1"
    "@esbuild/win32-arm64" "0.28.1"
    "@esbuild/win32-ia32" "0.28.1"
    "@esbuild/win32-x64" "0.28.1"

eve@^0.24.6:
  version "0.24.6"
  resolved "https://registry.yarnpkg.com/eve/-/eve-0.24.6.tgz#58d9570273aa35f98850dba2c7bc9b7972d4b8b6"
  integrity sha512-/WuGD6gAzv7DviM0bN0y4813bJSbBTeiTHVUR1GAOIH7PUCOCFY7lXbrDOG7Wk/mTa2IBmT4Om3L+nudCc+02g==
  dependencies:
    nitro "3.0.260610-beta"

eventsource-parser@^3.0.8:
  version "3.1.0"
  resolved "https://registry.yarnpkg.com/eventsource-parser/-/eventsource-parser-3.1.0.tgz#4e198eb91cd333d0a8ddcc036502b3618a25f449"
  integrity sha512-kJezFj9YFAMLeORyi7aCLxLbD5/qWMQnoMVlVPyHIll7lgRJCc3JVln9Vgl9nwQi0YkMnhdGTMNn7CkRRAptMg==

exsolve@^1.1.0:
  version "1.1.0"
  resolved "https://registry.yarnpkg.com/exsolve/-/exsolve-1.1.0.tgz#adefa9b18b3f3515e946d48eb2ca3bb0f2c51b4d"
  integrity sha512-D+42+T12DdIlJM3uepa55qGiL3sYdLBOxIl2ifQCzCHz4c7eiolaHsi3BIqEr7JxBzxv2pYZQX9kw16ziMcEmw==

form-data-encoder@^4.0.2:
  version "4.0.2"
  resolved "https://registry.npmjs.org/form-data-encoder/-/form-data-encoder-4.0.2.tgz"
  integrity sha512-KQVhvhK8ZkWzxKxOr56CPulAhH3dobtuQ4+hNQ+HekH/Wp5gSOafqRAeTphQUJAIk0GBvHZgJ2ZGRWd5kphMuw==

fsevents@~2.3.3:
  version "2.3.3"
  resolved "https://registry.yarnpkg.com/fsevents/-/fsevents-2.3.3.tgz#cac6407785d03675a2a5e1a5305c697b347d90d6"
  integrity sha512-5xoDfX+fL7faATnagmWPpbFtwh/R77WmMMqqHGS65C3vvB0YHrgF+B1YmZ3441tMj5n63k0212XNoJwzlhffQw==

get-stream@^9.0.1:
  version "9.0.1"
  resolved "https://registry.npmjs.org/get-stream/-/get-stream-9.0.1.tgz"
  integrity sha512-kVCxPF3vQM/N0B1PmoqVUqgHP+EeVjmZSQn+1oCRPxd2P21P2F19lIgbR3HBosbB1PUhOAoctJnfEn2GbN2eZA==
  dependencies:
    "@sec-ant/readable-stream" "^0.4.1"
    is-stream "^4.0.1"

got@^14.4.5:
  version "14.4.5"
  resolved "https://registry.npmjs.org/got/-/got-14.4.5.tgz"
  integrity sha512-sq+uET8TnNKRNnjEOPJzMcxeI0irT8BBNmf+GtZcJpmhYsQM1DSKmCROUjPWKsXZ5HzwD5Cf5/RV+QD9BSTxJg==
  dependencies:
    "@sindresorhus/is" "^7.0.1"
    "@szmarczak/http-timer" "^5.0.1"
    cacheable-lookup "^7.0.0"
    cacheable-request "^12.0.1"
    decompress-response "^6.0.0"
    form-data-encoder "^4.0.2"
    http2-wrapper "^2.2.1"
    lowercase-keys "^3.0.0"
    p-cancelable "^4.0.1"
    responselike "^3.0.0"
    type-fest "^4.26.1"

h3@2.0.1-rc.22:
  version "2.0.1-rc.22"
  resolved "https://registry.yarnpkg.com/h3/-/h3-2.0.1-rc.22.tgz#12c94d2f99e9afa42b490ebfda6163035e98be2a"
  integrity sha512-Esv0DMIuPkCTSWCA0vO73vcTqwzH1wjSrAO1TXNu/K3up1sZHa9EKMapbmxCDYBeymC3fVTk4qxp7ogQWQ+KgA==
  dependencies:
    rou3 "^0.8.1"
    srvx "^0.11.15"

hookable@^6.1.1:
  version "6.1.1"
  resolved "https://registry.yarnpkg.com/hookable/-/hookable-6.1.1.tgz#825f966b4b426db2e622d94d7a31a70f196f9d2f"
  integrity sha512-U9LYDy1CwhMCnprUfeAZWZGByVbhd54hwepegYTK7Pi5NvqEj63ifz5z+xukznehT7i6NIZRu89Ay1AZmRsLEQ==

http-cache-semantics@^4.1.1:
  version "4.1.1"
  resolved "https://registry.npmjs.org/http-cache-semantics/-/http-cache-semantics-4.1.1.tgz"
  integrity sha512-er295DKPVsV82j5kw1Gjt+ADA/XYHsajl82cGNQG2eyoPkvgUhX+nDIyelzhIWbbsXP39EHcI6l5tYs2FYqYXQ==

http2-wrapper@^2.2.1:
  version "2.2.1"
  resolved "https://registry.npmjs.org/http2-wrapper/-/http2-wrapper-2.2.1.tgz"
  integrity sha512-V5nVw1PAOgfI3Lmeaj2Exmeg7fenjhRUgz1lPSezy1CuhPYbgQtbQj4jZfEAEMlaL+vupsvhjqCyjzob0yxsmQ==
  dependencies:
    quick-lru "^5.1.1"
    resolve-alpn "^1.2.0"

httpxy@^0.5.4:
  version "0.5.5"
  resolved "https://registry.yarnpkg.com/httpxy/-/httpxy-0.5.5.tgz#250363163cc95858dc36233bb08bf9c98a55faba"
  integrity sha512-uDjmnPyp1q4Sgzf3w+J/Fc6UqcCEj0x4Wjp7OqK5dGhNeDgpyrAmnS6ey8QWrX3SWDon2DMKf9sBa5X9+CVyMA==

import-in-the-middle@^3.0.0:
  version "3.3.1"
  resolved "https://registry.yarnpkg.com/import-in-the-middle/-/import-in-the-middle-3.3.1.tgz#4fe3b46cc1b4573b00bc69343e5f9bbf25679743"
  integrity sha512-0rymlHSFLwZ0ixx8DaQkoIyZojJPY2a0K2nEYslhKJ6jIYO/m0IcCb7iQsFPmS7WmKwISZiIrv5Icstrw/CmqA==
  dependencies:
    cjs-module-lexer "^2.2.0"
    es-module-lexer "^2.2.0"
    module-details-from-path "^1.0.4"

is-stream@^4.0.1:
  version "4.0.1"
  resolved "https://registry.npmjs.org/is-stream/-/is-stream-4.0.1.tgz"
  integrity sha512-Dnz92NInDqYckGEUJv689RbRiTSEHCQ7wOVeALbkOz999YpqT46yMRIGtSNl2iCL1waAZSx40+h59NV/EwzV/A==

json-buffer@3.0.1:
  version "3.0.1"
  resolved "https://registry.npmjs.org/json-buffer/-/json-buffer-3.0.1.tgz"
  integrity sha512-4bV5BfR2mqfQTJm+V5tPPdf+ZpuhiIvTuAB5g8kcrXOZpTT/QwwVRWBywX1ozr6lEuPdbHxwaJlm9G6mI2sfSQ==

json-schema@^0.4.0:
  version "0.4.0"
  resolved "https://registry.yarnpkg.com/json-schema/-/json-schema-0.4.0.tgz#f7de4cf6efab838ebaeb3236474cbba5a1930ab5"
  integrity sha512-es94M3nTIfsEPisRafak+HDLfHXnKBhV3vU5eqPcS3flIWqcxJWgXHXiey3YrpaNsanY5ei1VoYEbOzijuq9BA==

keyv@^4.5.4:
  version "4.5.4"
  resolved "https://registry.npmjs.org/keyv/-/keyv-4.5.4.tgz"
  integrity sha512-oxVHkHR/EJf2CNXnWxRLW6mg7JyCCUcG0DtEGmL2ctUo1PNTin1PUil+r/+4r5MpVgC/fn1kjsx7mjSujKqIpw==
  dependencies:
    json-buffer "3.0.1"

lowercase-keys@^3.0.0:
  version "3.0.0"
  resolved "https://registry.npmjs.org/lowercase-keys/-/lowercase-keys-3.0.0.tgz"
  integrity sha512-ozCC6gdQ+glXOQsveKD0YsDy8DSQFjDTz4zyzEHNV5+JP5D62LmfDZ6o1cycFx9ouG940M5dE8C8CTewdj2YWQ==

mimic-response@^3.1.0:
  version "3.1.0"
  resolved "https://registry.npmjs.org/mimic-response/-/mimic-response-3.1.0.tgz"
  integrity sha512-z0yWI+4FDrrweS8Zmt4Ej5HdJmky15+L2e6Wgn3+iK5fWzb6T3fhNFq2+MeTRb064c6Wr4N/wv0DzQTjNzHNGQ==

mimic-response@^4.0.0:
  version "4.0.0"
  resolved "https://registry.npmjs.org/mimic-response/-/mimic-response-4.0.0.tgz"
  integrity sha512-e5ISH9xMYU0DzrT+jl8q2ze9D6eWBto+I8CNpe+VI+K2J/F/k3PdkdTdz4wvGVH4NTpo+NRYTVIuMQEMMcsLqg==

module-details-from-path@^1.0.3, module-details-from-path@^1.0.4:
  version "1.0.4"
  resolved "https://registry.yarnpkg.com/module-details-from-path/-/module-details-from-path-1.0.4.tgz#b662fdcd93f6c83d3f25289da0ce81c8d9685b94"
  integrity sha512-EGWKgxALGMgzvxYF1UyGTy0HXX/2vHLkw6+NvDKW2jypWbHpjQuj4UMcqQWXHERJhVGKikolT06G3bcKe4fi7w==

ms@^2.1.3:
  version "2.1.3"
  resolved "https://registry.yarnpkg.com/ms/-/ms-2.1.3.tgz#574c8138ce1d2b5861f0b44579dbadd60c6615b2"
  integrity sha512-6FlzubTLZG3J2a/NVCAleEhjzq5oxgHyaCU9yYXvcLsvoVaHJq/s5xXI6/XXP6tz7R9xAOtHnSO/tXtF3WRTlA==

nf3@^0.3.17:
  version "0.3.22"
  resolved "https://registry.yarnpkg.com/nf3/-/nf3-0.3.22.tgz#d5459395671e8d91f177641297af3c0b668d0538"
  integrity sha512-NOcqlHu22X1rUakd0SrqllP8kb3LWFmSAi1svTxaKxz+yB604xlaOmUfI3oO+RkODvaocKDDy8bgthnZL8hrkw==

nitro@3.0.260610-beta:
  version "3.0.260610-beta"
  resolved "https://registry.yarnpkg.com/nitro/-/nitro-3.0.260610-beta.tgz#507d735af0c8b2364099cc759a18880c71fb58fa"
  integrity sha512-KPb4L5yaF/Rx/xoGMpgHRJvZhbhGiqbRKOwwPLCH9jKTKTsEUHLjnJas85AeCzaswqa8Wi52eQBtRsODC4PS0Q==
  dependencies:
    consola "^3.4.2"
    crossws "^0.4.6"
    db0 "^0.3.4"
    env-runner "^0.1.12"
    h3 "2.0.1-rc.22"
    hookable "^6.1.1"
    nf3 "^0.3.17"
    ocache "^0.1.5"
    ofetch "2.0.0-alpha.3"
    ohash "^2.0.11"
    rolldown "^1.1.0"
    srvx "^0.11.16"
    unenv "2.0.0-rc.24"
    unstorage "2.0.0-alpha.7"

normalize-url@^8.0.1:
  version "8.0.1"
  resolved "https://registry.npmjs.org/normalize-url/-/normalize-url-8.0.1.tgz"
  integrity sha512-IO9QvjUMWxPQQhs60oOu10CRkWCiZzSUkzbXGGV9pviYl1fXYcvkzQ5jV9z8Y6un8ARoVRl4EtC6v6jNqbaJ/w==

ocache@^0.1.5:
  version "0.1.5"
  resolved "https://registry.yarnpkg.com/ocache/-/ocache-0.1.5.tgz#333f374b654fd8aadf79df760f57e7de11e8cea3"
  integrity sha512-kNNnkkVQup/QDvmTz8Q84wc2ntiyoVHDxa6eHWKt5qdGAmFRBIxy83rxgCYEjW0x06UJ9E3P6VgM2yY4rOBH4w==
  dependencies:
    ohash "^2.0.11"

ofetch@2.0.0-alpha.3:
  version "2.0.0-alpha.3"
  resolved "https://registry.yarnpkg.com/ofetch/-/ofetch-2.0.0-alpha.3.tgz#9f1017646d9bbfeba6c6e26a469b12402a66ccca"
  integrity sha512-zpYTCs2byOuft65vI3z43Dd6iSdFbOZZLb9/d21aCpx2rGastVU9dOCv0lu4ykc1Ur1anAYjDi3SUvR0vq50JA==

ohash@^2.0.11:
  version "2.0.11"
  resolved "https://registry.yarnpkg.com/ohash/-/ohash-2.0.11.tgz#60b11e8cff62ca9dee88d13747a5baa145f5900b"
  integrity sha512-RdR9FQrFwNBNXAr4GixM8YaRZRJ5PUWbKYbE5eOsrwAjJW0q2REGcf79oYPsLyskQCZG1PLN+S/K1V00joZAoQ==

p-cancelable@^4.0.1:
  version "4.0.1"
  resolved "https://registry.npmjs.org/p-cancelable/-/p-cancelable-4.0.1.tgz"
  integrity sha512-wBowNApzd45EIKdO1LaU+LrMBwAcjfPaYtVzV3lmfM3gf8Z4CHZsiIqlM8TZZ8okYvh5A1cP6gTfCRQtwUpaUg==

pathe@^2.0.3:
  version "2.0.3"
  resolved "https://registry.yarnpkg.com/pathe/-/pathe-2.0.3.tgz#3ecbec55421685b70a9da872b2cff3e1cbed1716"
  integrity sha512-WUjGcAqP1gQacoQe+OBJsFA7Ld4DyXuUIjZ5cc75cLHvJ7dtNsTugphxIADwspS+AraAUePCKrSVtPLFj/F88w==

quick-lru@^5.1.1:
  version "5.1.1"
  resolved "https://registry.npmjs.org/quick-lru/-/quick-lru-5.1.1.tgz"
  integrity sha512-WuyALRjWPDGtt/wzJiadO5AXY+8hZ80hVpe6MyivgraREW751X3SbhRvG3eLKOYN+8VEvqLcf3wdnt44Z4S4SA==

require-in-the-middle@^8.0.0:
  version "8.0.1"
  resolved "https://registry.yarnpkg.com/require-in-the-middle/-/require-in-the-middle-8.0.1.tgz#dbde2587f669398626d56b20c868ab87bf01cce4"
  integrity sha512-QT7FVMXfWOYFbeRBF6nu+I6tr2Tf3u0q8RIEjNob/heKY/nh7drD/k7eeMFmSQgnTtCzLDcCu/XEnpW2wk4xCQ==
  dependencies:
    debug "^4.3.5"
    module-details-from-path "^1.0.3"

resolve-alpn@^1.2.0:
  version "1.2.1"
  resolved "https://registry.npmjs.org/resolve-alpn/-/resolve-alpn-1.2.1.tgz"
  integrity sha512-0a1F4l73/ZFZOakJnQ3FvkJ2+gSTQWz/r2KE5OdDY0TxPm5h4GkqkWWfM47T7HsbnOtcJVEF4epCVy6u7Q3K+g==

responselike@^3.0.0:
  version "3.0.0"
  resolved "https://registry.npmjs.org/responselike/-/responselike-3.0.0.tgz"
  integrity sha512-40yHxbNcl2+rzXvZuVkrYohathsSJlMTXKryG5y8uciHv1+xDLHQpgjG64JUO9nrEq2jGLH6IZ8BcZyw3wrweg==
  dependencies:
    lowercase-keys "^3.0.0"

rolldown@^1.1.0:
  version "1.2.0"
  resolved "https://registry.yarnpkg.com/rolldown/-/rolldown-1.2.0.tgz#02157b8547dd99917da192375c0d4f9357d89830"
  integrity sha512-u7tgm5l4Yw1iTqUL4EcYOAt7fFvCgQMLeidrnD4GALlC6aOznCjezYajgxeyKw27u0Q5N7fwgCzjVyPIWzwuBA==
  dependencies:
    "@oxc-project/types" "=0.140.0"
    "@rolldown/pluginutils" "^1.0.0"
  optionalDependencies:
    "@rolldown/binding-android-arm64" "1.2.0"
    "@rolldown/binding-darwin-arm64" "1.2.0"
    "@rolldown/binding-darwin-x64" "1.2.0"
    "@rolldown/binding-freebsd-x64" "1.2.0"
    "@rolldown/binding-linux-arm-gnueabihf" "1.2.0"
    "@rolldown/binding-linux-arm64-gnu" "1.2.0"
    "@rolldown/binding-linux-arm64-musl" "1.2.0"
    "@rolldown/binding-linux-ppc64-gnu" "1.2.0"
    "@rolldown/binding-linux-s390x-gnu" "1.2.0"
    "@rolldown/binding-linux-x64-gnu" "1.2.0"
    "@rolldown/binding-linux-x64-musl" "1.2.0"
    "@rolldown/binding-openharmony-arm64" "1.2.0"
    "@rolldown/binding-wasm32-wasi" "1.2.0"
    "@rolldown/binding-win32-arm64-msvc" "1.2.0"
    "@rolldown/binding-win32-x64-msvc" "1.2.0"

rou3@^0.8.1:
  version "0.8.1"
  resolved "https://registry.yarnpkg.com/rou3/-/rou3-0.8.1.tgz#d18c9dae42bdd9cd4fffa77bc6731d5cfe92129a"
  integrity sha512-ePa+XGk00/3HuCqrEnK3LxJW7I0SdNg6EFzKUJG73hMAdDcOUC/i/aSz7LSDwLrGr33kal/rqOGydzwl6U7zBA==

srvx@^0.11.15, srvx@^0.11.16, srvx@^0.11.19:
  version "0.11.22"
  resolved "https://registry.yarnpkg.com/srvx/-/srvx-0.11.22.tgz#f83413628014eb37416ba4609e10b4bb38472295"
  integrity sha512-LqZxxBDMKuMAZzFzJnDCkFOrs9MZQZr0LvHiO/SuSZVdQaXD7xQ5UWTUxheJrQPve1qk9MG2B/yttUvJxw8egQ==

tslib@^2.4.0:
  version "2.8.1"
  resolved "https://registry.yarnpkg.com/tslib/-/tslib-2.8.1.tgz#612efe4ed235d567e8aba5f2a5fab70280ade83f"
  integrity sha512-oJFu94HQb+KVduSUQL7wnpmqnfmLsOA/nAh6b6EH0wCEoK0/mPeXU6c3wKDV83MkOuHPRHtSXKKU99IBazS/2w==

tsx@^4.22.4:
  version "4.22.4"
  resolved "https://registry.yarnpkg.com/tsx/-/tsx-4.22.4.tgz#0ab3b7fb4ec7feeee74e5b1f26337caa71e44700"
  integrity sha512-X8EX+XV4QR5xCsrgxaED954zTDfY8KqlDtskKEL0cHhyS/P8b4IFOvGDQpsC9Q1XnLq915wEfwwY/zzskCtmhg==
  dependencies:
    esbuild "~0.28.0"
  optionalDependencies:
    fsevents "~2.3.3"

type-fest@^4.26.1:
  version "4.33.0"
  resolved "https://registry.npmjs.org/type-fest/-/type-fest-4.33.0.tgz"
  integrity sha512-s6zVrxuyKbbAsSAD5ZPTB77q4YIdRctkTbJ2/Dqlinwz+8ooH2gd+YA7VA6Pa93KML9GockVvoxjZ2vHP+mu8g==

typescript@^5.7.0:
  version "5.9.3"
  resolved "https://registry.yarnpkg.com/typescript/-/typescript-5.9.3.tgz#5b4f59e15310ab17a216f5d6cf53ee476ede670f"
  integrity sha512-jl1vZzPDinLr9eUt3J/t7V6FgNEw9QjvBPdysz9KfQDD41fQrC2Y4vKQdiaUpFT4bXlb1RHhLpp8wtm6M5TgSw==

undici-types@~6.21.0:
  version "6.21.0"
  resolved "https://registry.yarnpkg.com/undici-types/-/undici-types-6.21.0.tgz#691d00af3909be93a7faa13be61b3a5b50ef12cb"
  integrity sha512-iwDZqg0QAGrg9Rav5H4n0M64c3mkR59cJ6wQp+7C4nI0gsmExaedaYLNO44eT4AtBBwjbTiGPMlt2Md0T9H9JQ==

undici-types@~7.16.0:
  version "7.16.0"
  resolved "https://registry.yarnpkg.com/undici-types/-/undici-types-7.16.0.tgz#ffccdff36aea4884cbfce9a750a0580224f58a46"
  integrity sha512-Zz+aZWSj8LE6zoxD+xrjh4VfkIG8Ya6LvYkZqtUQGJPZjYl53ypCaUwWqo7eI0x66KBGeRo+mlBEkMSeSZ38Nw==

unenv@2.0.0-rc.24:
  version "2.0.0-rc.24"
  resolved "https://registry.yarnpkg.com/unenv/-/unenv-2.0.0-rc.24.tgz#dd0035c3e93fedfa12c8454e34b7f17fe83efa2e"
  integrity sha512-i7qRCmY42zmCwnYlh9H2SvLEypEFGye5iRmEMKjcGi7zk9UquigRjFtTLz0TYqr0ZGLZhaMHl/foy1bZR+Cwlw==
  dependencies:
    pathe "^2.0.3"

unstorage@2.0.0-alpha.7:
  version "2.0.0-alpha.7"
  resolved "https://registry.yarnpkg.com/unstorage/-/unstorage-2.0.0-alpha.7.tgz#803ea90176683bf2175bb01065cb07df6d65280a"
  integrity sha512-ELPztchk2zgFJnakyodVY3vJWGW9jy//keJ32IOJVGUMyaPydwcA1FtVvWqT0TNRch9H+cMNEGllfVFfScImog==
